
Microsoft Visual Studio Solution File, Format Version 12.00
# Visual Studio Version 16
VisualStudioVersion = 16.0.31729.503
MinimumVisualStudioVersion = 10.0.40219.1
Project("{9A19103F-16F7-4668-BE54-9A1E7A4F7556}") = "task3", "task3\task3.csproj", "{F6353294-DCB5-4A09-A151-B763FAB20C6E}"
EndProject
Project("{9A19103F-16F7-4668-BE54-9A1E7A4F7556}") = "task2", "task1\task2.csproj", "{D5086E41-E2FE-4782-826F-B52C20B693F8}"
EndProject
Project("{FAE04EC0-301F-11D3-BF4B-00C04F79EFBC}") = "two2s", "two2s\two2s.csproj", "{E6416AC3-B7AD-4A50-84BB-E556485268D6}"
EndProject
Global
	GlobalSection(SolutionConfigurationPlatforms) = preSolution
		Debug|Any CPU = Debug|Any CPU
		Release|Any CPU = Release|Any CPU
	EndGlobalSection
	GlobalSection(ProjectConfigurationPlatforms) = postSolution
		{F6353294-DCB5-4A09-A151-B763FAB20C6E}.Debug|Any CPU.ActiveCfg = Debug|Any CPU
		{F6353294-DCB5-4A09-A151-B763FAB20C6E}.Debug|Any CPU.Build.0 = Debug|Any CPU
		{F6353294-DCB5-4A09-A151-B763FAB20C6E}.Release|Any CPU.ActiveCfg = Release|Any CPU
		{F6353294-DCB5-4A09-A151-B763FAB20C6E}.Release|Any CPU.Build.0 = Release|Any CPU
		{D5086E41-E2FE-4782-826F-B52C20B693F8}.Debug|Any CPU.ActiveCfg = Debug|Any CPU
		{D5086E41-E2FE-4782-826F-B52C20B693F8}.Debug|Any CPU.Build.0 = Debug|Any CPU
		{D5086E41-E2FE-4782-826F-B52C20B693F8}.Release|Any CPU.ActiveCfg = Release|Any CPU
		{D5086E41-E2FE-4782-826F-B52C20B693F8}.Release|Any CPU.Build.0 = Release|Any CPU
		{E6416AC3-B7AD-4A50-84BB-E556485268D6}.Debug|Any CPU.ActiveCfg = Debug|Any CPU
		{E6416AC3-B7AD-4A50-84BB-E556485268D6}.Debug|Any CPU.Build.0 = Debug|Any CPU
		{E6416AC3-B7AD-4A50-84BB-E556485268D6}.Release|Any CPU.ActiveCfg = Release|Any CPU
		{E6416AC3-B7AD-4A50-84BB-E556485268D6}.Release|Any CPU.Build.0 = Release|Any CPU
	EndGlobalSection
	GlobalSection(SolutionProperties) = preSolution
		HideSolutionNode = FALSE
	EndGlobalSection
	GlobalSection(ExtensibilityGlobals) = postSolution
		SolutionGuid = {6442C2FA-792D-4B86-8119-0DA413A097B8}
	EndGlobalSection
EndGlobal
